PODS:
  - Alamofire (5.4.1)
  - BufferSlider (0.2.0)
  - CocoaLumberjack (3.7.0):
    - CocoaLumberjack/Core (= 3.7.0)
  - CocoaLumberjack/Core (3.7.0)
  - GCDWebServer/Core (3.5.4)
  - GCDWebServer/WebUploader (3.5.4):
    - GCDWebServer/Core
  - SwiftLint (0.42.0)
  - SwiftOverlays (5.0.1)
  - SwiftyBeaver (1.9.3)
  - SWRevealViewController (2.3.0)

DEPENDENCIES:
  - Alamofire
  - BufferSlider
  - CocoaLumberjack
  - GCDWebServer/WebUploader
  - SwiftLint
  - SwiftOverlays
  - SwiftyBeaver
  - SWRevealViewController

SPEC REPOS:
  trunk:
    - Alamofire
    - BufferSlider
    - CocoaLumberjack
    - GCDWebServer
    - SwiftLint
    - SwiftOverlays
    - SwiftyBeaver
    - SWRevealViewController

SPEC CHECKSUMS:
  Alamofire: 2291f7d21ca607c491dd17642e5d40fdcda0e65c
  BufferSlider: 4a9cbdff15a8c4eb42350fb27c0876d589d71243
  CocoaLumberjack: e8955b9d337ac307103b0a34fd141c32f27e53c5
  GCDWebServer: 2c156a56c8226e2d5c0c3f208a3621ccffbe3ce4
  SwiftLint: 4fa9579c63416865179bc416f0a92d55f009600d
  SwiftOverlays: ab459ea9194b0e96aaccaa00e9ead1bf6d46eef1
  SwiftyBeaver: 2e8acd6fc90c6d0a27055867a290794926d57c02
  SWRevealViewController: 6d3fd97f70112fd7cef9de14df4260eacce4c63a

PODFILE CHECKSUM: 35175461a6507475029c889fc372f1eadf0136b2

COCOAPODS: 1.13.0
